
Microsoft Visual Studio Solution File, Format Version 12.00
Project("{FAE04EC0-301F-11D3-BF4B-00C04F79EFBC}") = "BrainFInterpreter", "BrainFInterpreter\BrainFInterpreter.csproj", "{261EC804-F053-4FDF-B115-EEBBE6BBD1C6}"
EndProject
Global
	GlobalSection(SolutionConfigurationPlatforms) = preSolution
		Debug|Any CPU = Debug|Any CPU
		Release|Any CPU = Release|Any CPU
	EndGlobalSection
	GlobalSection(ProjectConfigurationPlatforms) = postSolution
		{261EC804-F053-4FDF-B115-EEBBE6BBD1C6}.Debug|Any CPU.ActiveCfg = Debug|Any CPU
		{261EC804-F053-4FDF-B115-EEBBE6BBD1C6}.Debug|Any CPU.Build.0 = Debug|Any CPU
		{261EC804-F053-4FDF-B115-EEBBE6BBD1C6}.Release|Any CPU.ActiveCfg = Release|Any CPU
		{261EC804-F053-4FDF-B115-EEBBE6BBD1C6}.Release|Any CPU.Build.0 = Release|Any CPU
	EndGlobalSection
EndGlobal
